
Microsoft Visual Studio Solution File, Format Version 12.00
# Visual Studio Version 17
VisualStudioVersion = 17.7.34024.191
MinimumVisualStudioVersion = 10.0.40219.1
Project("{9A19103F-16F7-4668-BE54-9A1E7A4F7556}") = "Redi.Api", "Redi.Api\Redi.Api.csproj", "{44E548DB-7359-428A-A658-ECBF9B3AD0AC}"
EndProject
Project("{9A19103F-16F7-4668-BE54-9A1E7A4F7556}") = "Redi.Domain", "Redi.Domain\Redi.Domain.csproj", "{DEA46B42-2313-43B2-968F-5D0E8D8EE805}"
EndProject
Project("{9A19103F-16F7-4668-BE54-9A1E7A4F7556}") = "Redi.DataAccess", "Redi.DataAccess\Redi.DataAccess.csproj", "{D1FBEB88-2937-4CCB-82AB-E642647A4C74}"
EndProject
Project("{9A19103F-16F7-4668-BE54-9A1E7A4F7556}") = "Redi.Application", "Redi.Application\Redi.Application.csproj", "{52E1956E-C491-4538-BFCE-7BB1ED2C9CB5}"
EndProject
Project("{9A19103F-16F7-4668-BE54-9A1E7A4F7556}") = "Redi.Deliverer", "Redi.Deliverer\Redi.Deliverer.csproj", "{DA433D69-F05F-4A2F-B3BD-41C6B0AB6061}"
EndProject
Global
	GlobalSection(SolutionConfigurationPlatforms) = preSolution
		Debug|Any CPU = Debug|Any CPU
		Release|Any CPU = Release|Any CPU
	EndGlobalSection
	GlobalSection(ProjectConfigurationPlatforms) = postSolution
		{44E548DB-7359-428A-A658-ECBF9B3AD0AC}.Debug|Any CPU.ActiveCfg = Debug|Any CPU
		{44E548DB-7359-428A-A658-ECBF9B3AD0AC}.Debug|Any CPU.Build.0 = Debug|Any CPU
		{44E548DB-7359-428A-A658-ECBF9B3AD0AC}.Release|Any CPU.ActiveCfg = Release|Any CPU
		{44E548DB-7359-428A-A658-ECBF9B3AD0AC}.Release|Any CPU.Build.0 = Release|Any CPU
		{DEA46B42-2313-43B2-968F-5D0E8D8EE805}.Debug|Any CPU.ActiveCfg = Debug|Any CPU
		{DEA46B42-2313-43B2-968F-5D0E8D8EE805}.Debug|Any CPU.Build.0 = Debug|Any CPU
		{DEA46B42-2313-43B2-968F-5D0E8D8EE805}.Release|Any CPU.ActiveCfg = Release|Any CPU
		{DEA46B42-2313-43B2-968F-5D0E8D8EE805}.Release|Any CPU.Build.0 = Release|Any CPU
		{D1FBEB88-2937-4CCB-82AB-E642647A4C74}.Debug|Any CPU.ActiveCfg = Debug|Any CPU
		{D1FBEB88-2937-4CCB-82AB-E642647A4C74}.Debug|Any CPU.Build.0 = Debug|Any CPU
		{D1FBEB88-2937-4CCB-82AB-E642647A4C74}.Release|Any CPU.ActiveCfg = Release|Any CPU
		{D1FBEB88-2937-4CCB-82AB-E642647A4C74}.Release|Any CPU.Build.0 = Release|Any CPU
		{52E1956E-C491-4538-BFCE-7BB1ED2C9CB5}.Debug|Any CPU.ActiveCfg = Debug|Any CPU
		{52E1956E-C491-4538-BFCE-7BB1ED2C9CB5}.Debug|Any CPU.Build.0 = Debug|Any CPU
		{52E1956E-C491-4538-BFCE-7BB1ED2C9CB5}.Release|Any CPU.ActiveCfg = Release|Any CPU
		{52E1956E-C491-4538-BFCE-7BB1ED2C9CB5}.Release|Any CPU.Build.0 = Release|Any CPU
		{DA433D69-F05F-4A2F-B3BD-41C6B0AB6061}.Debug|Any CPU.ActiveCfg = Debug|Any CPU
		{DA433D69-F05F-4A2F-B3BD-41C6B0AB6061}.Debug|Any CPU.Build.0 = Debug|Any CPU
		{DA433D69-F05F-4A2F-B3BD-41C6B0AB6061}.Release|Any CPU.ActiveCfg = Release|Any CPU
		{DA433D69-F05F-4A2F-B3BD-41C6B0AB6061}.Release|Any CPU.Build.0 = Release|Any CPU
	EndGlobalSection
	GlobalSection(SolutionProperties) = preSolution
		HideSolutionNode = FALSE
	EndGlobalSection
	GlobalSection(ExtensibilityGlobals) = postSolution
		SolutionGuid = {93DC2E70-55F1-4639-B546-2DC673D45A1B}
	EndGlobalSection
EndGlobal
